PODS:
  - Alamofire (4.6.0)
  - Nuke (5.2)
  - SnapKit (4.0.0)
  - SwiftyJSON (4.0.0)

DEPENDENCIES:
  - Alamofire
  - Nuke
  - SnapKit
  - SwiftyJSON

SPEC CHECKSUMS:
  Alamofire: f41a599bd63041760b26d393ec1069d9d7b917f4
  Nuke: 5f420c4637415f979c83afb35e73176dd03232d9
  SnapKit: a42d492c16e80209130a3379f73596c3454b7694
  SwiftyJSON: 070dabdcb1beb81b247c65ffa3a79dbbfb3b48aa

PODFILE CHECKSUM: 94084f4d04ba0a2d2363789e9a03b0e3e4ea79b7

COCOAPODS: 1.3.1
